
Microsoft Visual Studio Solution File, Format Version 12.00
# Visual Studio Version 16
VisualStudioVersion = 16.0.31321.278
MinimumVisualStudioVersion = 10.0.40219.1
Project("{FAE04EC0-301F-11D3-BF4B-00C04F79EFBC}") = "IvanStoychev.WpfUserControls", "IvanStoychev.WpfUserControls\IvanStoychev.WpfUserControls.csproj", "{75952D0F-6A6E-4373-81CA-20555D403788}"
EndProject
Global
	GlobalSection(SolutionConfigurationPlatforms) = preSolution
		Debug|Any CPU = Debug|Any CPU
		Release|Any CPU = Release|Any CPU
	EndGlobalSection
	GlobalSection(ProjectConfigurationPlatforms) = postSolution
		{75952D0F-6A6E-4373-81CA-20555D403788}.Debug|Any CPU.ActiveCfg = Debug|Any CPU
		{75952D0F-6A6E-4373-81CA-20555D403788}.Debug|Any CPU.Build.0 = Debug|Any CPU
		{75952D0F-6A6E-4373-81CA-20555D403788}.Release|Any CPU.ActiveCfg = Release|Any CPU
		{75952D0F-6A6E-4373-81CA-20555D403788}.Release|Any CPU.Build.0 = Release|Any CPU
	EndGlobalSection
	GlobalSection(SolutionProperties) = preSolution
		HideSolutionNode = FALSE
	EndGlobalSection
	GlobalSection(ExtensibilityGlobals) = postSolution
		SolutionGuid = {76CD720E-F3A2-40E1-857B-8D639C071347}
	EndGlobalSection
EndGlobal
